
Microsoft Visual Studio Solution File, Format Version 12.00
# Visual Studio 15
Project("{FAE04EC0-301F-11D3-BF4B-00C04F79EFBC}") = "SteamVR", "SteamVR.csproj", "{DA05A12C-6FB3-7A6E-4C91-FE72407EA2C8}"
EndProject
Project("{FAE04EC0-301F-11D3-BF4B-00C04F79EFBC}") = "Assembly-CSharp", "Assembly-CSharp.csproj", "{C1F589AA-05FB-E387-61E3-93A431F98606}"
EndProject
Project("{FAE04EC0-301F-11D3-BF4B-00C04F79EFBC}") = "SteamVR_Actions", "SteamVR_Actions.csproj", "{2BA79331-02E2-C5C0-DAA1-6016115882EB}"
EndProject
Project("{FAE04EC0-301F-11D3-BF4B-00C04F79EFBC}") = "SteamVR_Editor", "SteamVR_Editor.csproj", "{FB654F6B-A2B2-D35F-1677-15A027383845}"
EndProject
Project("{FAE04EC0-301F-11D3-BF4B-00C04F79EFBC}") = "SteamVR_Input_Editor", "SteamVR_Input_Editor.csproj", "{1B9DD0FF-B60E-C6D0-AF4A-40CD1D892B03}"
EndProject
Project("{FAE04EC0-301F-11D3-BF4B-00C04F79EFBC}") = "Assembly-CSharp-Editor", "Assembly-CSharp-Editor.csproj", "{6F8CD42A-8106-1818-4E0E-786CC92581A8}"
EndProject
Project("{FAE04EC0-301F-11D3-BF4B-00C04F79EFBC}") = "SteamVR_Windows_EditorHelper", "SteamVR_Windows_EditorHelper.csproj", "{DCD66898-0FE9-6F7C-6FD1-84047068BC4D}"
EndProject
Global
	GlobalSection(SolutionConfigurationPlatforms) = preSolution
		Debug|Any CPU = Debug|Any CPU
		Release|Any CPU = Release|Any CPU
	EndGlobalSection
	GlobalSection(ProjectConfigurationPlatforms) = postSolution
		{DA05A12C-6FB3-7A6E-4C91-FE72407EA2C8}.Debug|Any CPU.ActiveCfg = Debug|Any CPU
		{DA05A12C-6FB3-7A6E-4C91-FE72407EA2C8}.Debug|Any CPU.Build.0 = Debug|Any CPU
		{DA05A12C-6FB3-7A6E-4C91-FE72407EA2C8}.Release|Any CPU.ActiveCfg = Release|Any CPU
		{DA05A12C-6FB3-7A6E-4C91-FE72407EA2C8}.Release|Any CPU.Build.0 = Release|Any CPU
		{C1F589AA-05FB-E387-61E3-93A431F98606}.Debug|Any CPU.ActiveCfg = Debug|Any CPU
		{C1F589AA-05FB-E387-61E3-93A431F98606}.Debug|Any CPU.Build.0 = Debug|Any CPU
		{C1F589AA-05FB-E387-61E3-93A431F98606}.Release|Any CPU.ActiveCfg = Release|Any CPU
		{C1F589AA-05FB-E387-61E3-93A431F98606}.Release|Any CPU.Build.0 = Release|Any CPU
		{2BA79331-02E2-C5C0-DAA1-6016115882EB}.Debug|Any CPU.ActiveCfg = Debug|Any CPU
		{2BA79331-02E2-C5C0-DAA1-6016115882EB}.Debug|Any CPU.Build.0 = Debug|Any CPU
		{2BA79331-02E2-C5C0-DAA1-6016115882EB}.Release|Any CPU.ActiveCfg = Release|Any CPU
		{2BA79331-02E2-C5C0-DAA1-6016115882EB}.Release|Any CPU.Build.0 = Release|Any CPU
		{FB654F6B-A2B2-D35F-1677-15A027383845}.Debug|Any CPU.ActiveCfg = Debug|Any CPU
		{FB654F6B-A2B2-D35F-1677-15A027383845}.Debug|Any CPU.Build.0 = Debug|Any CPU
		{FB654F6B-A2B2-D35F-1677-15A027383845}.Release|Any CPU.ActiveCfg = Release|Any CPU
		{FB654F6B-A2B2-D35F-1677-15A027383845}.Release|Any CPU.Build.0 = Release|Any CPU
		{1B9DD0FF-B60E-C6D0-AF4A-40CD1D892B03}.Debug|Any CPU.ActiveCfg = Debug|Any CPU
		{1B9DD0FF-B60E-C6D0-AF4A-40CD1D892B03}.Debug|Any CPU.Build.0 = Debug|Any CPU
		{1B9DD0FF-B60E-C6D0-AF4A-40CD1D892B03}.Release|Any CPU.ActiveCfg = Release|Any CPU
		{1B9DD0FF-B60E-C6D0-AF4A-40CD1D892B03}.Release|Any CPU.Build.0 = Release|Any CPU
		{6F8CD42A-8106-1818-4E0E-786CC92581A8}.Debug|Any CPU.ActiveCfg = Debug|Any CPU
		{6F8CD42A-8106-1818-4E0E-786CC92581A8}.Debug|Any CPU.Build.0 = Debug|Any CPU
		{6F8CD42A-8106-1818-4E0E-786CC92581A8}.Release|Any CPU.ActiveCfg = Release|Any CPU
		{6F8CD42A-8106-1818-4E0E-786CC92581A8}.Release|Any CPU.Build.0 = Release|Any CPU
		{DCD66898-0FE9-6F7C-6FD1-84047068BC4D}.Debug|Any CPU.ActiveCfg = Debug|Any CPU
		{DCD66898-0FE9-6F7C-6FD1-84047068BC4D}.Debug|Any CPU.Build.0 = Debug|Any CPU
		{DCD66898-0FE9-6F7C-6FD1-84047068BC4D}.Release|Any CPU.ActiveCfg = Release|Any CPU
		{DCD66898-0FE9-6F7C-6FD1-84047068BC4D}.Release|Any CPU.Build.0 = Release|Any CPU
	EndGlobalSection
	GlobalSection(SolutionProperties) = preSolution
		HideSolutionNode = FALSE
	EndGlobalSection
EndGlobal
