
Microsoft Visual Studio Solution File, Format Version 12.00
# Visual Studio 15
Project("{FAE04EC0-301F-11D3-BF4B-00C04F79EFBC}") = "Assembly-CSharp", "Assembly-CSharp.csproj", "{09D6C039-40E0-7FB6-D53D-BCD0AFF83550}"
EndProject
Project("{FAE04EC0-301F-11D3-BF4B-00C04F79EFBC}") = "Assembly-CSharp-Editor", "Assembly-CSharp-Editor.csproj", "{B8613737-CB48-8EE8-ECE6-0AFAB2767C3E}"
EndProject
Global
	GlobalSection(SolutionConfigurationPlatforms) = preSolution
		Debug|Any CPU = Debug|Any CPU
		Release|Any CPU = Release|Any CPU
	EndGlobalSection
	GlobalSection(ProjectConfigurationPlatforms) = postSolution
		{09D6C039-40E0-7FB6-D53D-BCD0AFF83550}.Debug|Any CPU.ActiveCfg = Debug|Any CPU
		{09D6C039-40E0-7FB6-D53D-BCD0AFF83550}.Debug|Any CPU.Build.0 = Debug|Any CPU
		{09D6C039-40E0-7FB6-D53D-BCD0AFF83550}.Release|Any CPU.ActiveCfg = Release|Any CPU
		{09D6C039-40E0-7FB6-D53D-BCD0AFF83550}.Release|Any CPU.Build.0 = Release|Any CPU
		{B8613737-CB48-8EE8-ECE6-0AFAB2767C3E}.Debug|Any CPU.ActiveCfg = Debug|Any CPU
		{B8613737-CB48-8EE8-ECE6-0AFAB2767C3E}.Debug|Any CPU.Build.0 = Debug|Any CPU
		{B8613737-CB48-8EE8-ECE6-0AFAB2767C3E}.Release|Any CPU.ActiveCfg = Release|Any CPU
		{B8613737-CB48-8EE8-ECE6-0AFAB2767C3E}.Release|Any CPU.Build.0 = Release|Any CPU
	EndGlobalSection
	GlobalSection(SolutionProperties) = preSolution
		HideSolutionNode = FALSE
	EndGlobalSection
EndGlobal
